PODS:
  - AppAuth (1.3.0):
    - AppAuth/Core (= 1.3.0)
    - AppAuth/ExternalUserAgent (= 1.3.0)
  - AppAuth/Core (1.3.0)
  - AppAuth/ExternalUserAgent (1.3.0)
  - GsonJ2ObjC-Light (2.3.1-2):
    - J2ObjC/JreCore (= 2.1.1-2)
  - J2ObjC/JreCore (2.1.1-2)
  - J2ObjC/JreUtil (2.1.1-2):
    - J2ObjC/JreCore
  - SocketRocket (0.5.1)
  - TapkeyMobileLib (2.7.2.0):
    - GsonJ2ObjC-Light (= 2.3.1-2)
    - J2ObjC/JreCore (= 2.1.1-2)
    - J2ObjC/JreUtil (= 2.1.1-2)
    - SocketRocket (= 0.5.1)
  - witte-mobile-library (1.0.0)

DEPENDENCIES:
  - AppAuth
  - TapkeyMobileLib (= 2.7.2.0)
  - witte-mobile-library (= 1.0.0)

SPEC REPOS:
  https://github.com/CocoaPods/Specs.git:
    - witte-mobile-library
  https://github.com/tapkey/TapkeyCocoaPods:
    - GsonJ2ObjC-Light
    - J2ObjC
    - TapkeyMobileLib
  trunk:
    - AppAuth
    - SocketRocket

SPEC CHECKSUMS:
  AppAuth: 73574f3013a1e65b9601a3ddc8b3158cce68c09d
  GsonJ2ObjC-Light: dc1d84f6d10ae0212a04a6ca8b9e91565ae240fa
  J2ObjC: 75f0e1eaa1a3c2ae26d7d78276cf68a7cdde850f
  SocketRocket: d57c7159b83c3c6655745cd15302aa24b6bae531
  TapkeyMobileLib: 5a4a5291aeecbe7c6ac0e464120a1cd13f286b59
  witte-mobile-library: 3d02d77e5226a6f79e19b5f913e128e0e644c65c

PODFILE CHECKSUM: 0f46d123273e10406e20c71f45ac437ffe51efcc

COCOAPODS: 1.8.4
