// !$*UTF8*$!
{
	archiveVersion = 1;
	classes = {
	};
	objectVersion = 51;
	objects = {

/* Begin PBXBuildFile section */
		8C3B38A1238AC8BC00523EA2 /* TokenRefreshHandler.swift in Sources */ = {isa = PBXBuildFile; fileRef = 8C3B38A0238AC8BC00523EA2 /* TokenRefreshHandler.swift */; };
		B9D43EA49F5CBA2BBA405612 /* Pods_witte_mobile_sample.framework in Frameworks */ = {isa = PBXBuildFile; fileRef = 59EB7D9605B9F7D9ED05068A /* Pods_witte_mobile_sample.framework */; };
		D40AC0862292F673007E42AF /* TokenProvider.swift in Sources */ = {isa = PBXBuildFile; fileRef = D40AC0852292F673007E42AF /* TokenProvider.swift */; };
		D4EDF2B3228C4F2100198FC9 /* AppDelegate.swift in Sources */ = {isa = PBXBuildFile; fileRef = D4EDF2B2228C4F2100198FC9 /* AppDelegate.swift */; };
		D4EDF2B5228C4F2100198FC9 /* ViewController.swift in Sources */ = {isa = PBXBuildFile; fileRef = D4EDF2B4228C4F2100198FC9 /* ViewController.swift */; };
		D4EDF2B8228C4F2100198FC9 /* Main.storyboard in Resources */ = {isa = PBXBuildFile; fileRef = D4EDF2B6228C4F2100198FC9 /* Main.storyboard */; };
		D4EDF2BA228C4F2300198FC9 /* Assets.xcassets in Resources */ = {isa = PBXBuildFile; fileRef = D4EDF2B9228C4F2300198FC9 /* Assets.xcassets */; };
		D4EDF2BD228C4F2300198FC9 /* LaunchScreen.storyboard in Resources */ = {isa = PBXBuildFile; fileRef = D4EDF2BB228C4F2300198FC9 /* LaunchScreen.storyboard */; };
		FC8D20B40268A234CBF7004C /* BackendAccessorProtocol.swift in Sources */ = {isa = PBXBuildFile; fileRef = FC8D2FD32D4DFF6261CCF12F /* BackendAccessorProtocol.swift */; };
		FC8D25191E4EBF88D275088C /* DemoBackendAccessor.swift in Sources */ = {isa = PBXBuildFile; fileRef = FC8D24B5FF523284D01B5283 /* DemoBackendAccessor.swift */; };
		FC8D265DA3CCF55547DEFB7F /* DemoSdkTokenRequest.swift in Sources */ = {isa = PBXBuildFile; fileRef = FC8D223943B1C171B8B49AF2 /* DemoSdkTokenRequest.swift */; };
		FC8D2D7E1733BE3A325495D7 /* DemoOAuth2TokenRequest.swift in Sources */ = {isa = PBXBuildFile; fileRef = FC8D2CB5E28424C3C06643D9 /* DemoOAuth2TokenRequest.swift */; };
/* End PBXBuildFile section */

/* Begin PBXFileReference section */
		0D4335AEA394B2E0F2730ABC /* Pods-witte-mobile-sample.release.xcconfig */ = {isa = PBXFileReference; includeInIndex = 1; lastKnownFileType = text.xcconfig; name = "Pods-witte-mobile-sample.release.xcconfig"; path = "Target Support Files/Pods-witte-mobile-sample/Pods-witte-mobile-sample.release.xcconfig"; sourceTree = "<group>"; };
		469D9C4C95121264CA94EB6C /* Pods-witte-mobile-sample.debug.xcconfig */ = {isa = PBXFileReference; includeInIndex = 1; lastKnownFileType = text.xcconfig; name = "Pods-witte-mobile-sample.debug.xcconfig"; path = "Target Support Files/Pods-witte-mobile-sample/Pods-witte-mobile-sample.debug.xcconfig"; sourceTree = "<group>"; };
		59EB7D9605B9F7D9ED05068A /* Pods_witte_mobile_sample.framework */ = {isa = PBXFileReference; explicitFileType = wrapper.framework; includeInIndex = 0; path = Pods_witte_mobile_sample.framework; sourceTree = BUILT_PRODUCTS_DIR; };
		8C3B38A0238AC8BC00523EA2 /* TokenRefreshHandler.swift */ = {isa = PBXFileReference; lastKnownFileType = sourcecode.swift; path = TokenRefreshHandler.swift; sourceTree = "<group>"; };
		D40AC0852292F673007E42AF /* TokenProvider.swift */ = {isa = PBXFileReference; lastKnownFileType = sourcecode.swift; path = TokenProvider.swift; sourceTree = "<group>"; };
		D4EDF2AF228C4F2100198FC9 /* witte-mobile-sample.app */ = {isa = PBXFileReference; explicitFileType = wrapper.application; includeInIndex = 0; path = "witte-mobile-sample.app"; sourceTree = BUILT_PRODUCTS_DIR; };
		D4EDF2B2228C4F2100198FC9 /* AppDelegate.swift */ = {isa = PBXFileReference; lastKnownFileType = sourcecode.swift; path = AppDelegate.swift; sourceTree = "<group>"; };
		D4EDF2B4228C4F2100198FC9 /* ViewController.swift */ = {isa = PBXFileReference; lastKnownFileType = sourcecode.swift; path = ViewController.swift; sourceTree = "<group>"; };
		D4EDF2B7228C4F2100198FC9 /* Base */ = {isa = PBXFileReference; lastKnownFileType = file.storyboard; name = Base; path = Base.lproj/Main.storyboard; sourceTree = "<group>"; };
		D4EDF2B9228C4F2300198FC9 /* Assets.xcassets */ = {isa = PBXFileReference; lastKnownFileType = folder.assetcatalog; path = Assets.xcassets; sourceTree = "<group>"; };
		D4EDF2BC228C4F2300198FC9 /* Base */ = {isa = PBXFileReference; lastKnownFileType = file.storyboard; name = Base; path = Base.lproj/LaunchScreen.storyboard; sourceTree = "<group>"; };
		D4EDF2BE228C4F2300198FC9 /* Info.plist */ = {isa = PBXFileReference; lastKnownFileType = text.plist.xml; path = Info.plist; sourceTree = "<group>"; };
		FC8D223943B1C171B8B49AF2 /* DemoSdkTokenRequest.swift */ = {isa = PBXFileReference; fileEncoding = 4; lastKnownFileType = sourcecode.swift; name = DemoSdkTokenRequest.swift; path = Backend/DemoSdkTokenRequest.swift; sourceTree = "<group>"; };
		FC8D24B5FF523284D01B5283 /* DemoBackendAccessor.swift */ = {isa = PBXFileReference; fileEncoding = 4; lastKnownFileType = sourcecode.swift; name = DemoBackendAccessor.swift; path = Backend/DemoBackendAccessor.swift; sourceTree = "<group>"; };
		FC8D2CB5E28424C3C06643D9 /* DemoOAuth2TokenRequest.swift */ = {isa = PBXFileReference; fileEncoding = 4; lastKnownFileType = sourcecode.swift; name = DemoOAuth2TokenRequest.swift; path = Backend/DemoOAuth2TokenRequest.swift; sourceTree = "<group>"; };
		FC8D2FD32D4DFF6261CCF12F /* BackendAccessorProtocol.swift */ = {isa = PBXFileReference; fileEncoding = 4; lastKnownFileType = sourcecode.swift; name = BackendAccessorProtocol.swift; path = Backend/BackendAccessorProtocol.swift; sourceTree = "<group>"; };
/* End PBXFileReference section */

/* Begin PBXFrameworksBuildPhase section */
		D4EDF2AC228C4F2100198FC9 /* Frameworks */ = {
			isa = PBXFrameworksBuildPhase;
			buildActionMask = 2147483647;
			files = (
				B9D43EA49F5CBA2BBA405612 /* Pods_witte_mobile_sample.framework in Frameworks */,
			);
			runOnlyForDeploymentPostprocessing = 0;
		};
/* End PBXFrameworksBuildPhase section */

/* Begin PBXGroup section */
		87F3A1651634A85572EC7CAE /* Frameworks */ = {
			isa = PBXGroup;
			children = (
				59EB7D9605B9F7D9ED05068A /* Pods_witte_mobile_sample.framework */,
			);
			name = Frameworks;
			sourceTree = "<group>";
		};
		D4EDF2A6228C4F2100198FC9 = {
			isa = PBXGroup;
			children = (
				D4EDF2B1228C4F2100198FC9 /* witte-mobile-sample */,
				D4EDF2B0228C4F2100198FC9 /* Products */,
				F498A8C88EF4EA3AD862DD40 /* Pods */,
				87F3A1651634A85572EC7CAE /* Frameworks */,
			);
			sourceTree = "<group>";
		};
		D4EDF2B0228C4F2100198FC9 /* Products */ = {
			isa = PBXGroup;
			children = (
				D4EDF2AF228C4F2100198FC9 /* witte-mobile-sample.app */,
			);
			name = Products;
			sourceTree = "<group>";
		};
		D4EDF2B1228C4F2100198FC9 /* witte-mobile-sample */ = {
			isa = PBXGroup;
			children = (
				D4EDF2B2228C4F2100198FC9 /* AppDelegate.swift */,
				D4EDF2B4228C4F2100198FC9 /* ViewController.swift */,
				D4EDF2B6228C4F2100198FC9 /* Main.storyboard */,
				D4EDF2B9228C4F2300198FC9 /* Assets.xcassets */,
				D4EDF2BB228C4F2300198FC9 /* LaunchScreen.storyboard */,
				D4EDF2BE228C4F2300198FC9 /* Info.plist */,
				D40AC0852292F673007E42AF /* TokenProvider.swift */,
				8C3B38A0238AC8BC00523EA2 /* TokenRefreshHandler.swift */,
				FC8D2CB5E28424C3C06643D9 /* DemoOAuth2TokenRequest.swift */,
				FC8D223943B1C171B8B49AF2 /* DemoSdkTokenRequest.swift */,
				FC8D2FD32D4DFF6261CCF12F /* BackendAccessorProtocol.swift */,
				FC8D24B5FF523284D01B5283 /* DemoBackendAccessor.swift */,
			);
			path = "witte-mobile-sample";
			sourceTree = "<group>";
		};
		F498A8C88EF4EA3AD862DD40 /* Pods */ = {
			isa = PBXGroup;
			children = (
				469D9C4C95121264CA94EB6C /* Pods-witte-mobile-sample.debug.xcconfig */,
				0D4335AEA394B2E0F2730ABC /* Pods-witte-mobile-sample.release.xcconfig */,
			);
			path = Pods;
			sourceTree = "<group>";
		};
/* End PBXGroup section */

/* Begin PBXNativeTarget section */
		D4EDF2AE228C4F2100198FC9 /* witte-mobile-sample */ = {
			isa = PBXNativeTarget;
			buildConfigurationList = D4EDF2C1228C4F2300198FC9 /* Build configuration list for PBXNativeTarget "witte-mobile-sample" */;
			buildPhases = (
				3E86FE335EE584B1306775AC /* [CP] Check Pods Manifest.lock */,
				D4EDF2AB228C4F2100198FC9 /* Sources */,
				D4EDF2AC228C4F2100198FC9 /* Frameworks */,
				D4EDF2AD228C4F2100198FC9 /* Resources */,
				03A6D9CEE9CE7B63BEDC1F7B /* [CP] Embed Pods Frameworks */,
				58112B8BA5F6A93CCF06484E /* [CP] Copy Pods Resources */,
			);
			buildRules = (
			);
			dependencies = (
			);
			name = "witte-mobile-sample";
			productName = "witte-mobile-sample";
			productReference = D4EDF2AF228C4F2100198FC9 /* witte-mobile-sample.app */;
			productType = "com.apple.product-type.application";
		};
/* End PBXNativeTarget section */

/* Begin PBXProject section */
		D4EDF2A7228C4F2100198FC9 /* Project object */ = {
			isa = PBXProject;
			attributes = {
				LastSwiftUpdateCheck = 1020;
				LastUpgradeCheck = 1020;
				ORGANIZATIONNAME = "WITTE Digital";
				TargetAttributes = {
					D4EDF2AE228C4F2100198FC9 = {
						CreatedOnToolsVersion = 10.2.1;
					};
				};
			};
			buildConfigurationList = D4EDF2AA228C4F2100198FC9 /* Build configuration list for PBXProject "witte-mobile-sample" */;
			compatibilityVersion = "Xcode 9.3";
			developmentRegion = en;
			hasScannedForEncodings = 0;
			knownRegions = (
				en,
				Base,
			);
			mainGroup = D4EDF2A6228C4F2100198FC9;
			productRefGroup = D4EDF2B0228C4F2100198FC9 /* Products */;
			projectDirPath = "";
			projectRoot = "";
			targets = (
				D4EDF2AE228C4F2100198FC9 /* witte-mobile-sample */,
			);
		};
/* End PBXProject section */

/* Begin PBXResourcesBuildPhase section */
		D4EDF2AD228C4F2100198FC9 /* Resources */ = {
			isa = PBXResourcesBuildPhase;
			buildActionMask = 2147483647;
			files = (
				D4EDF2BD228C4F2300198FC9 /* LaunchScreen.storyboard in Resources */,
				D4EDF2BA228C4F2300198FC9 /* Assets.xcassets in Resources */,
				D4EDF2B8228C4F2100198FC9 /* Main.storyboard in Resources */,
			);
			runOnlyForDeploymentPostprocessing = 0;
		};
/* End PBXResourcesBuildPhase section */

/* Begin PBXShellScriptBuildPhase section */
		03A6D9CEE9CE7B63BEDC1F7B /* [CP] Embed Pods Frameworks */ = {
			isa = PBXShellScriptBuildPhase;
			buildActionMask = 2147483647;
			files = (
			);
			inputFileListPaths = (
				"${PODS_ROOT}/Target Support Files/Pods-witte-mobile-sample/Pods-witte-mobile-sample-frameworks-${CONFIGURATION}-input-files.xcfilelist",
			);
			name = "[CP] Embed Pods Frameworks";
			outputFileListPaths = (
				"${PODS_ROOT}/Target Support Files/Pods-witte-mobile-sample/Pods-witte-mobile-sample-frameworks-${CONFIGURATION}-output-files.xcfilelist",
			);
			runOnlyForDeploymentPostprocessing = 0;
			shellPath = /bin/sh;
			shellScript = "\"${PODS_ROOT}/Target Support Files/Pods-witte-mobile-sample/Pods-witte-mobile-sample-frameworks.sh\"\n";
			showEnvVarsInLog = 0;
		};
		3E86FE335EE584B1306775AC /* [CP] Check Pods Manifest.lock */ = {
			isa = PBXShellScriptBuildPhase;
			buildActionMask = 2147483647;
			files = (
			);
			inputFileListPaths = (
			);
			inputPaths = (
				"${PODS_PODFILE_DIR_PATH}/Podfile.lock",
				"${PODS_ROOT}/Manifest.lock",
			);
			name = "[CP] Check Pods Manifest.lock";
			outputFileListPaths = (
			);
			outputPaths = (
				"$(DERIVED_FILE_DIR)/Pods-witte-mobile-sample-checkManifestLockResult.txt",
			);
			runOnlyForDeploymentPostprocessing = 0;
			shellPath = /bin/sh;
			shellScript = "diff \"${PODS_PODFILE_DIR_PATH}/Podfile.lock\" \"${PODS_ROOT}/Manifest.lock\" > /dev/null\nif [ $? != 0 ] ; then\n    # print error to STDERR\n    echo \"error: The sandbox is not in sync with the Podfile.lock. Run 'pod install' or update your CocoaPods installation.\" >&2\n    exit 1\nfi\n# This output is used by Xcode 'outputs' to avoid re-running this script phase.\necho \"SUCCESS\" > \"${SCRIPT_OUTPUT_FILE_0}\"\n";
			showEnvVarsInLog = 0;
		};
		58112B8BA5F6A93CCF06484E /* [CP] Copy Pods Resources */ = {
			isa = PBXShellScriptBuildPhase;
			buildActionMask = 2147483647;
			files = (
			);
			inputFileListPaths = (
				"${PODS_ROOT}/Target Support Files/Pods-witte-mobile-sample/Pods-witte-mobile-sample-resources-${CONFIGURATION}-input-files.xcfilelist",
			);
			name = "[CP] Copy Pods Resources";
			outputFileListPaths = (
				"${PODS_ROOT}/Target Support Files/Pods-witte-mobile-sample/Pods-witte-mobile-sample-resources-${CONFIGURATION}-output-files.xcfilelist",
			);
			runOnlyForDeploymentPostprocessing = 0;
			shellPath = /bin/sh;
			shellScript = "\"${PODS_ROOT}/Target Support Files/Pods-witte-mobile-sample/Pods-witte-mobile-sample-resources.sh\"\n";
			showEnvVarsInLog = 0;
		};
/* End PBXShellScriptBuildPhase section */

/* Begin PBXSourcesBuildPhase section */
		D4EDF2AB228C4F2100198FC9 /* Sources */ = {
			isa = PBXSourcesBuildPhase;
			buildActionMask = 2147483647;
			files = (
				8C3B38A1238AC8BC00523EA2 /* TokenRefreshHandler.swift in Sources */,
				D40AC0862292F673007E42AF /* TokenProvider.swift in Sources */,
				D4EDF2B5228C4F2100198FC9 /* ViewController.swift in Sources */,
				D4EDF2B3228C4F2100198FC9 /* AppDelegate.swift in Sources */,
				FC8D2D7E1733BE3A325495D7 /* DemoOAuth2TokenRequest.swift in Sources */,
				FC8D265DA3CCF55547DEFB7F /* DemoSdkTokenRequest.swift in Sources */,
				FC8D20B40268A234CBF7004C /* BackendAccessorProtocol.swift in Sources */,
				FC8D25191E4EBF88D275088C /* DemoBackendAccessor.swift in Sources */,
			);
			runOnlyForDeploymentPostprocessing = 0;
		};
/* End PBXSourcesBuildPhase section */

/* Begin PBXVariantGroup section */
		D4EDF2B6228C4F2100198FC9 /* Main.storyboard */ = {
			isa = PBXVariantGroup;
			children = (
				D4EDF2B7228C4F2100198FC9 /* Base */,
			);
			name = Main.storyboard;
			sourceTree = "<group>";
		};
		D4EDF2BB228C4F2300198FC9 /* LaunchScreen.storyboard */ = {
			isa = PBXVariantGroup;
			children = (
				D4EDF2BC228C4F2300198FC9 /* Base */,
			);
			name = LaunchScreen.storyboard;
			sourceTree = "<group>";
		};
/* End PBXVariantGroup section */

/* Begin XCBuildConfiguration section */
		D4EDF2BF228C4F2300198FC9 /* Debug */ = {
			isa = XCBuildConfiguration;
			buildSettings = {
				ALWAYS_SEARCH_USER_PATHS = NO;
				CLANG_ANALYZER_NONNULL = YES;
				CLANG_ANALYZER_NUMBER_OBJECT_CONVERSION = YES_AGGRESSIVE;
				CLANG_CXX_LANGUAGE_STANDARD = "gnu++14";
				CLANG_CXX_LIBRARY = "libc++";
				CLANG_ENABLE_MODULES = YES;
				CLANG_ENABLE_OBJC_ARC = YES;
				CLANG_ENABLE_OBJC_WEAK = YES;
				CLANG_WARN_BLOCK_CAPTURE_AUTORELEASING = YES;
				CLANG_WARN_BOOL_CONVERSION = YES;
				CLANG_WARN_COMMA = YES;
				CLANG_WARN_CONSTANT_CONVERSION = YES;
				CLANG_WARN_DEPRECATED_OBJC_IMPLEMENTATIONS = YES;
				CLANG_WARN_DIRECT_OBJC_ISA_USAGE = YES_ERROR;
				CLANG_WARN_DOCUMENTATION_COMMENTS = YES;
				CLANG_WARN_EMPTY_BODY = YES;
				CLANG_WARN_ENUM_CONVERSION = YES;
				CLANG_WARN_INFINITE_RECURSION = YES;
				CLANG_WARN_INT_CONVERSION = YES;
				CLANG_WARN_NON_LITERAL_NULL_CONVERSION = YES;
				CLANG_WARN_OBJC_IMPLICIT_RETAIN_SELF = YES;
				CLANG_WARN_OBJC_LITERAL_CONVERSION = YES;
				CLANG_WARN_OBJC_ROOT_CLASS = YES_ERROR;
				CLANG_WARN_RANGE_LOOP_ANALYSIS = YES;
				CLANG_WARN_STRICT_PROTOTYPES = YES;
				CLANG_WARN_SUSPICIOUS_MOVE = YES;
				CLANG_WARN_UNGUARDED_AVAILABILITY = YES_AGGRESSIVE;
				CLANG_WARN_UNREACHABLE_CODE = YES;
				CLANG_WARN__DUPLICATE_METHOD_MATCH = YES;
				CODE_SIGN_IDENTITY = "iPhone Developer";
				COPY_PHASE_STRIP = NO;
				DEBUG_INFORMATION_FORMAT = dwarf;
				ENABLE_STRICT_OBJC_MSGSEND = YES;
				ENABLE_TESTABILITY = YES;
				GCC_C_LANGUAGE_STANDARD = gnu11;
				GCC_DYNAMIC_NO_PIC = NO;
				GCC_NO_COMMON_BLOCKS = YES;
				GCC_OPTIMIZATION_LEVEL = 0;
				GCC_PREPROCESSOR_DEFINITIONS = (
					"DEBUG=1",
					"$(inherited)",
				);
				GCC_WARN_64_TO_32_BIT_CONVERSION = YES;
				GCC_WARN_ABOUT_RETURN_TYPE = YES_ERROR;
				GCC_WARN_UNDECLARED_SELECTOR = YES;
				GCC_WARN_UNINITIALIZED_AUTOS = YES_AGGRESSIVE;
				GCC_WARN_UNUSED_FUNCTION = YES;
				GCC_WARN_UNUSED_VARIABLE = YES;
				IPHONEOS_DEPLOYMENT_TARGET = 14.4;
				MTL_ENABLE_DEBUG_INFO = INCLUDE_SOURCE;
				MTL_FAST_MATH = YES;
				ONLY_ACTIVE_ARCH = YES;
				SDKROOT = iphoneos;
				SWIFT_ACTIVE_COMPILATION_CONDITIONS = DEBUG;
				SWIFT_OPTIMIZATION_LEVEL = "-Onone";
			};
			name = Debug;
		};
		D4EDF2C0228C4F2300198FC9 /* Release */ = {
			isa = XCBuildConfiguration;
			buildSettings = {
				ALWAYS_SEARCH_USER_PATHS = NO;
				CLANG_ANALYZER_NONNULL = YES;
				CLANG_ANALYZER_NUMBER_OBJECT_CONVERSION = YES_AGGRESSIVE;
				CLANG_CXX_LANGUAGE_STANDARD = "gnu++14";
				CLANG_CXX_LIBRARY = "libc++";
				CLANG_ENABLE_MODULES = YES;
				CLANG_ENABLE_OBJC_ARC = YES;
				CLANG_ENABLE_OBJC_WEAK = YES;
				CLANG_WARN_BLOCK_CAPTURE_AUTORELEASING = YES;
				CLANG_WARN_BOOL_CONVERSION = YES;
				CLANG_WARN_COMMA = YES;
				CLANG_WARN_CONSTANT_CONVERSION = YES;
				CLANG_WARN_DEPRECATED_OBJC_IMPLEMENTATIONS = YES;
				CLANG_WARN_DIRECT_OBJC_ISA_USAGE = YES_ERROR;
				CLANG_WARN_DOCUMENTATION_COMMENTS = YES;
				CLANG_WARN_EMPTY_BODY = YES;
				CLANG_WARN_ENUM_CONVERSION = YES;
				CLANG_WARN_INFINITE_RECURSION = YES;
				CLANG_WARN_INT_CONVERSION = YES;
				CLANG_WARN_NON_LITERAL_NULL_CONVERSION = YES;
				CLANG_WARN_OBJC_IMPLICIT_RETAIN_SELF = YES;
				CLANG_WARN_OBJC_LITERAL_CONVERSION = YES;
				CLANG_WARN_OBJC_ROOT_CLASS = YES_ERROR;
				CLANG_WARN_RANGE_LOOP_ANALYSIS = YES;
				CLANG_WARN_STRICT_PROTOTYPES = YES;
				CLANG_WARN_SUSPICIOUS_MOVE = YES;
				CLANG_WARN_UNGUARDED_AVAILABILITY = YES_AGGRESSIVE;
				CLANG_WARN_UNREACHABLE_CODE = YES;
				CLANG_WARN__DUPLICATE_METHOD_MATCH = YES;
				CODE_SIGN_IDENTITY = "iPhone Developer";
				COPY_PHASE_STRIP = NO;
				DEBUG_INFORMATION_FORMAT = "dwarf-with-dsym";
				ENABLE_NS_ASSERTIONS = NO;
				ENABLE_STRICT_OBJC_MSGSEND = YES;
				GCC_C_LANGUAGE_STANDARD = gnu11;
				GCC_NO_COMMON_BLOCKS = YES;
				GCC_WARN_64_TO_32_BIT_CONVERSION = YES;
				GCC_WARN_ABOUT_RETURN_TYPE = YES_ERROR;
				GCC_WARN_UNDECLARED_SELECTOR = YES;
				GCC_WARN_UNINITIALIZED_AUTOS = YES_AGGRESSIVE;
				GCC_WARN_UNUSED_FUNCTION = YES;
				GCC_WARN_UNUSED_VARIABLE = YES;
				IPHONEOS_DEPLOYMENT_TARGET = 14.4;
				MTL_ENABLE_DEBUG_INFO = NO;
				MTL_FAST_MATH = YES;
				SDKROOT = iphoneos;
				SWIFT_COMPILATION_MODE = wholemodule;
				SWIFT_OPTIMIZATION_LEVEL = "-O";
				VALIDATE_PRODUCT = YES;
			};
			name = Release;
		};
		D4EDF2C2228C4F2300198FC9 /* Debug */ = {
			isa = XCBuildConfiguration;
			baseConfigurationReference = 469D9C4C95121264CA94EB6C /* Pods-witte-mobile-sample.debug.xcconfig */;
			buildSettings = {
				ASSETCATALOG_COMPILER_APPICON_NAME = AppIcon;
				CODE_SIGN_IDENTITY = "iPhone Developer";
				CODE_SIGN_STYLE = Automatic;
				DEVELOPMENT_TEAM = 54BW5K8Y67;
				INFOPLIST_FILE = "witte-mobile-sample/Info.plist";
				LD_RUNPATH_SEARCH_PATHS = (
					"$(inherited)",
					"@executable_path/Frameworks",
				);
				PRODUCT_BUNDLE_IDENTIFIER = digital.witte.mobile.sample;
				PRODUCT_NAME = "$(TARGET_NAME)";
				PROVISIONING_PROFILE_SPECIFIER = "";
				SWIFT_VERSION = 5.0;
				TARGETED_DEVICE_FAMILY = "1,2";
			};
			name = Debug;
		};
		D4EDF2C3228C4F2300198FC9 /* Release */ = {
			isa = XCBuildConfiguration;
			baseConfigurationReference = 0D4335AEA394B2E0F2730ABC /* Pods-witte-mobile-sample.release.xcconfig */;
			buildSettings = {
				ASSETCATALOG_COMPILER_APPICON_NAME = AppIcon;
				CODE_SIGN_IDENTITY = "iPhone Developer";
				CODE_SIGN_STYLE = Automatic;
				DEVELOPMENT_TEAM = 54BW5K8Y67;
				INFOPLIST_FILE = "witte-mobile-sample/Info.plist";
				LD_RUNPATH_SEARCH_PATHS = (
					"$(inherited)",
					"@executable_path/Frameworks",
				);
				PRODUCT_BUNDLE_IDENTIFIER = digital.witte.mobile.sample;
				PRODUCT_NAME = "$(TARGET_NAME)";
				PROVISIONING_PROFILE_SPECIFIER = "";
				SWIFT_VERSION = 5.0;
				TARGETED_DEVICE_FAMILY = "1,2";
			};
			name = Release;
		};
/* End XCBuildConfiguration section */

/* Begin XCConfigurationList section */
		D4EDF2AA228C4F2100198FC9 /* Build configuration list for PBXProject "witte-mobile-sample" */ = {
			isa = XCConfigurationList;
			buildConfigurations = (
				D4EDF2BF228C4F2300198FC9 /* Debug */,
				D4EDF2C0228C4F2300198FC9 /* Release */,
			);
			defaultConfigurationIsVisible = 0;
			defaultConfigurationName = Release;
		};
		D4EDF2C1228C4F2300198FC9 /* Build configuration list for PBXNativeTarget "witte-mobile-sample" */ = {
			isa = XCConfigurationList;
			buildConfigurations = (
				D4EDF2C2228C4F2300198FC9 /* Debug */,
				D4EDF2C3228C4F2300198FC9 /* Release */,
			);
			defaultConfigurationIsVisible = 0;
			defaultConfigurationName = Release;
		};
/* End XCConfigurationList section */
	};
	rootObject = D4EDF2A7228C4F2100198FC9 /* Project object */;
}
